// !$*UTF8*$!
{
	archiveVersion = 1;
	classes = {
	};
	objectVersion = 50;
	objects = {

/* Begin PBXBuildFile section */
		AB028CD92214739200510DCA /* CrimeData.cpp in Sources */ = {isa = PBXBuildFile; fileRef = AB44778F2209EF3C007DDAE3 /* CrimeData.cpp */; };
		AB028CDD22147E7400510DCA /* linearTester.cpp in Sources */ = {isa = PBXBuildFile; fileRef = AB028CDB22147E7400510DCA /* linearTester.cpp */; };
		AB39BB0E21FF5D8100B7B17C /* Controller.cpp in Sources */ = {isa = PBXBuildFile; fileRef = AB39BB0C21FF5D8100B7B17C /* Controller.cpp */; };
		AB39BB1021FF5EAD00B7B17C /* Runner.cpp in Sources */ = {isa = PBXBuildFile; fileRef = AB39BB0F21FF5EAD00B7B17C /* Runner.cpp */; };
		AB4477862209DD69007DDAE3 /* Timer.cpp in Sources */ = {isa = PBXBuildFile; fileRef = AB4477842209DD69007DDAE3 /* Timer.cpp */; };
		AB4477892209E2DE007DDAE3 /* FileController.cpp in Sources */ = {isa = PBXBuildFile; fileRef = AB4477872209E2DE007DDAE3 /* FileController.cpp */; };
		AB4D9C0F222450FC002B8EB1 /* LinkedListTester.cpp in Sources */ = {isa = PBXBuildFile; fileRef = AB4D9C0D222450FC002B8EB1 /* LinkedListTester.cpp */; };
		AB85119D220C79C5006DB879 /* Music.cpp in Sources */ = {isa = PBXBuildFile; fileRef = AB85119C220C79C5006DB879 /* Music.cpp */; };
/* End PBXBuildFile section */

/* Begin PBXCopyFilesBuildPhase section */
		AB39BAFB21FF5B5400B7B17C /* CopyFiles */ = {
			isa = PBXCopyFilesBuildPhase;
			buildActionMask = 2147483647;
			dstPath = /usr/share/man/man1/;
			dstSubfolderSpec = 0;
			files = (
			);
			runOnlyForDeploymentPostprocessing = 1;
		};
/* End PBXCopyFilesBuildPhase section */

/* Begin PBXFileReference section */
		AB028CDB22147E7400510DCA /* linearTester.cpp */ = {isa = PBXFileReference; lastKnownFileType = sourcecode.cpp.cpp; path = linearTester.cpp; sourceTree = "<group>"; };
		AB028CDC22147E7400510DCA /* linearTester.hpp */ = {isa = PBXFileReference; lastKnownFileType = sourcecode.cpp.h; path = linearTester.hpp; sourceTree = "<group>"; };
		AB09990B2211D5530077B42E /* Queue.h */ = {isa = PBXFileReference; lastKnownFileType = sourcecode.c.h; path = Queue.h; sourceTree = "<group>"; };
		AB09990C2211D5720077B42E /* Stack.h */ = {isa = PBXFileReference; lastKnownFileType = sourcecode.c.h; path = Stack.h; sourceTree = "<group>"; };
		AB39BAFD21FF5B5400B7B17C /* DataStructures */ = {isa = PBXFileReference; explicitFileType = "compiled.mach-o.executable"; includeInIndex = 0; path = DataStructures; sourceTree = BUILT_PRODUCTS_DIR; };
		AB39BB0B21FF5C5500B7B17C /* FirstClassCPPUmlet.pdf */ = {isa = PBXFileReference; lastKnownFileType = image.pdf; path = FirstClassCPPUmlet.pdf; sourceTree = "<group>"; };
		AB39BB0C21FF5D8100B7B17C /* Controller.cpp */ = {isa = PBXFileReference; lastKnownFileType = sourcecode.cpp.cpp; path = Controller.cpp; sourceTree = "<group>"; };
		AB39BB0D21FF5D8100B7B17C /* Controller.hpp */ = {isa = PBXFileReference; lastKnownFileType = sourcecode.cpp.h; path = Controller.hpp; sourceTree = "<group>"; };
		AB39BB0F21FF5EAD00B7B17C /* Runner.cpp */ = {isa = PBXFileReference; lastKnownFileType = sourcecode.cpp.cpp; path = Runner.cpp; sourceTree = "<group>"; };
		AB39BB1121FF60F200B7B17C /* Node.hpp */ = {isa = PBXFileReference; lastKnownFileType = sourcecode.cpp.h; path = Node.hpp; sourceTree = "<group>"; };
		AB4477842209DD69007DDAE3 /* Timer.cpp */ = {isa = PBXFileReference; lastKnownFileType = sourcecode.cpp.cpp; path = Timer.cpp; sourceTree = "<group>"; };
		AB4477852209DD69007DDAE3 /* Timer.hpp */ = {isa = PBXFileReference; lastKnownFileType = sourcecode.cpp.h; path = Timer.hpp; sourceTree = "<group>"; };
		AB4477872209E2DE007DDAE3 /* FileController.cpp */ = {isa = PBXFileReference; lastKnownFileType = sourcecode.cpp.cpp; path = FileController.cpp; sourceTree = "<group>"; };
		AB4477882209E2DE007DDAE3 /* FileController.hpp */ = {isa = PBXFileReference; lastKnownFileType = sourcecode.cpp.h; path = FileController.hpp; sourceTree = "<group>"; };
		AB44778F2209EF3C007DDAE3 /* CrimeData.cpp */ = {isa = PBXFileReference; lastKnownFileType = sourcecode.cpp.cpp; path = CrimeData.cpp; sourceTree = "<group>"; };
		AB4477902209EF3F007DDAE3 /* CrimeData.hpp */ = {isa = PBXFileReference; lastKnownFileType = sourcecode.cpp.h; path = CrimeData.hpp; sourceTree = "<group>"; };
		AB4477932209F39E007DDAE3 /* Music.hpp */ = {isa = PBXFileReference; fileEncoding = 4; lastKnownFileType = sourcecode.cpp.h; name = Music.hpp; path = ../../../../../Downloads/Music.hpp; sourceTree = "<group>"; };
		AB4D9C0D222450FC002B8EB1 /* LinkedListTester.cpp */ = {isa = PBXFileReference; lastKnownFileType = sourcecode.cpp.cpp; path = LinkedListTester.cpp; sourceTree = "<group>"; };
		AB4D9C0E222450FC002B8EB1 /* LinkedListTester.hpp */ = {isa = PBXFileReference; lastKnownFileType = sourcecode.cpp.h; path = LinkedListTester.hpp; sourceTree = "<group>"; };
		AB5BE48A22049F46005B8C6B /* LinkedList.hpp */ = {isa = PBXFileReference; lastKnownFileType = sourcecode.cpp.h; path = LinkedList.hpp; sourceTree = "<group>"; };
		AB75F5C4221EEFAC00FC0794 /* DoubleNode.h */ = {isa = PBXFileReference; lastKnownFileType = sourcecode.c.h; path = DoubleNode.h; sourceTree = "<group>"; };
		AB75F5C6221EF81100FC0794 /* CircularList.h */ = {isa = PBXFileReference; lastKnownFileType = sourcecode.c.h; path = CircularList.h; sourceTree = "<group>"; };
		AB85119C220C79C5006DB879 /* Music.cpp */ = {isa = PBXFileReference; fileEncoding = 4; lastKnownFileType = sourcecode.cpp.cpp; name = Music.cpp; path = ../../../../../Downloads/Music.cpp; sourceTree = "<group>"; };
		AB85119E220C84EF006DB879 /* List.h */ = {isa = PBXFileReference; lastKnownFileType = sourcecode.c.h; path = List.h; sourceTree = "<group>"; };
		ABABA94B221DA3C3000D6C06 /* crime (1).csv */ = {isa = PBXFileReference; fileEncoding = 4; lastKnownFileType = text; name = "crime (1).csv"; path = "../../../../../Downloads/crime (1).csv"; sourceTree = "<group>"; };
		ABABA94C221DA3D0000D6C06 /* music.csv */ = {isa = PBXFileReference; fileEncoding = 4; lastKnownFileType = text; name = music.csv; path = ../../../../../Downloads/music.csv; sourceTree = "<group>"; };
		ABFFA3032201F8E800EB979C /* LinearNode.h */ = {isa = PBXFileReference; lastKnownFileType = sourcecode.c.h; path = LinearNode.h; sourceTree = "<group>"; };
		ABFFA3052202061500EB979C /* Array.h */ = {isa = PBXFileReference; lastKnownFileType = sourcecode.c.h; path = Array.h; sourceTree = "<group>"; };
/* End PBXFileReference section */

/* Begin PBXFrameworksBuildPhase section */
		AB39BAFA21FF5B5400B7B17C /* Frameworks */ = {
			isa = PBXFrameworksBuildPhase;
			buildActionMask = 2147483647;
			files = (
			);
			runOnlyForDeploymentPostprocessing = 0;
		};
/* End PBXFrameworksBuildPhase section */

/* Begin PBXGroup section */
		AB028CDA22147E4D00510DCA /* Testers */ = {
			isa = PBXGroup;
			children = (
				AB028CDB22147E7400510DCA /* linearTester.cpp */,
				AB028CDC22147E7400510DCA /* linearTester.hpp */,
				AB4D9C0D222450FC002B8EB1 /* LinkedListTester.cpp */,
				AB4D9C0E222450FC002B8EB1 /* LinkedListTester.hpp */,
			);
			path = Testers;
			sourceTree = "<group>";
		};
		AB39BAF421FF5B5400B7B17C = {
			isa = PBXGroup;
			children = (
				AB39BAFF21FF5B5400B7B17C /* DataStructures */,
				AB39BAFE21FF5B5400B7B17C /* Products */,
			);
			sourceTree = "<group>";
		};
		AB39BAFE21FF5B5400B7B17C /* Products */ = {
			isa = PBXGroup;
			children = (
				AB39BAFD21FF5B5400B7B17C /* DataStructures */,
			);
			name = Products;
			sourceTree = "<group>";
		};
		AB39BAFF21FF5B5400B7B17C /* DataStructures */ = {
			isa = PBXGroup;
			children = (
				AB028CDA22147E4D00510DCA /* Testers */,
				AB39BB0A21FF5BED00B7B17C /* Resources */,
				AB39BB0921FF5BE700B7B17C /* Model */,
				AB39BB0821FF5BE000B7B17C /* Controller */,
				AB39BB0721FF5BD400B7B17C /* Diagrams */,
			);
			path = DataStructures;
			sourceTree = "<group>";
		};
		AB39BB0721FF5BD400B7B17C /* Diagrams */ = {
			isa = PBXGroup;
			children = (
				AB39BB0B21FF5C5500B7B17C /* FirstClassCPPUmlet.pdf */,
			);
			path = Diagrams;
			sourceTree = "<group>";
		};
		AB39BB0821FF5BE000B7B17C /* Controller */ = {
			isa = PBXGroup;
			children = (
				AB4477832209DD3E007DDAE3 /* Tools */,
				AB39BB0C21FF5D8100B7B17C /* Controller.cpp */,
				AB39BB0D21FF5D8100B7B17C /* Controller.hpp */,
				AB39BB0F21FF5EAD00B7B17C /* Runner.cpp */,
			);
			path = Controller;
			sourceTree = "<group>";
		};
		AB39BB0921FF5BE700B7B17C /* Model */ = {
			isa = PBXGroup;
			children = (
				AB75F5C5221EF7EB00FC0794 /* NonLinear */,
				ABFFA3042202060300EB979C /* Linear */,
				ABFFA3022201F0C000EB979C /* Nodes */,
			);
			path = Model;
			sourceTree = "<group>";
		};
		AB39BB0A21FF5BED00B7B17C /* Resources */ = {
			isa = PBXGroup;
			children = (
				ABABA94C221DA3D0000D6C06 /* music.csv */,
				ABABA94B221DA3C3000D6C06 /* crime (1).csv */,
				AB85119C220C79C5006DB879 /* Music.cpp */,
				AB4477932209F39E007DDAE3 /* Music.hpp */,
				AB44778F2209EF3C007DDAE3 /* CrimeData.cpp */,
				AB4477902209EF3F007DDAE3 /* CrimeData.hpp */,
			);
			path = Resources;
			sourceTree = "<group>";
		};
		AB4477832209DD3E007DDAE3 /* Tools */ = {
			isa = PBXGroup;
			children = (
				AB4477882209E2DE007DDAE3 /* FileController.hpp */,
				AB4477872209E2DE007DDAE3 /* FileController.cpp */,
				AB4477842209DD69007DDAE3 /* Timer.cpp */,
				AB4477852209DD69007DDAE3 /* Timer.hpp */,
			);
			path = Tools;
			sourceTree = "<group>";
		};
		AB75F5C5221EF7EB00FC0794 /* NonLinear */ = {
			isa = PBXGroup;
			children = (
			);
			path = NonLinear;
			sourceTree = "<group>";
		};
		ABFFA3022201F0C000EB979C /* Nodes */ = {
			isa = PBXGroup;
			children = (
				AB39BB1121FF60F200B7B17C /* Node.hpp */,
				ABFFA3032201F8E800EB979C /* LinearNode.h */,
				AB75F5C4221EEFAC00FC0794 /* DoubleNode.h */,
			);
			path = Nodes;
			sourceTree = "<group>";
		};
		ABFFA3042202060300EB979C /* Linear */ = {
			isa = PBXGroup;
			children = (
				ABFFA3052202061500EB979C /* Array.h */,
				AB5BE48A22049F46005B8C6B /* LinkedList.hpp */,
				AB85119E220C84EF006DB879 /* List.h */,
				AB09990B2211D5530077B42E /* Queue.h */,
				AB09990C2211D5720077B42E /* Stack.h */,
				AB75F5C6221EF81100FC0794 /* CircularList.h */,
			);
			path = Linear;
			sourceTree = "<group>";
		};
/* End PBXGroup section */

/* Begin PBXNativeTarget section */
		AB39BAFC21FF5B5400B7B17C /* DataStructures */ = {
			isa = PBXNativeTarget;
			buildConfigurationList = AB39BB0421FF5B5500B7B17C /* Build configuration list for PBXNativeTarget "DataStructures" */;
			buildPhases = (
				AB39BAF921FF5B5400B7B17C /* Sources */,
				AB39BAFA21FF5B5400B7B17C /* Frameworks */,
				AB39BAFB21FF5B5400B7B17C /* CopyFiles */,
			);
			buildRules = (
			);
			dependencies = (
			);
			name = DataStructures;
			productName = DataStructures;
			productReference = AB39BAFD21FF5B5400B7B17C /* DataStructures */;
			productType = "com.apple.product-type.tool";
		};
/* End PBXNativeTarget section */

/* Begin PBXProject section */
		AB39BAF521FF5B5400B7B17C /* Project object */ = {
			isa = PBXProject;
			attributes = {
				LastUpgradeCheck = 1000;
				ORGANIZATIONNAME = ctec;
				TargetAttributes = {
					AB39BAFC21FF5B5400B7B17C = {
						CreatedOnToolsVersion = 10.0;
					};
				};
			};
			buildConfigurationList = AB39BAF821FF5B5400B7B17C /* Build configuration list for PBXProject "DataStructures" */;
			compatibilityVersion = "Xcode 9.3";
			developmentRegion = en;
			hasScannedForEncodings = 0;
			knownRegions = (
				en,
			);
			mainGroup = AB39BAF421FF5B5400B7B17C;
			productRefGroup = AB39BAFE21FF5B5400B7B17C /* Products */;
			projectDirPath = "";
			projectRoot = "";
			targets = (
				AB39BAFC21FF5B5400B7B17C /* DataStructures */,
			);
		};
/* End PBXProject section */

/* Begin PBXSourcesBuildPhase section */
		AB39BAF921FF5B5400B7B17C /* Sources */ = {
			isa = PBXSourcesBuildPhase;
			buildActionMask = 2147483647;
			files = (
				AB39BB0E21FF5D8100B7B17C /* Controller.cpp in Sources */,
				AB4477892209E2DE007DDAE3 /* FileController.cpp in Sources */,
				AB028CD92214739200510DCA /* CrimeData.cpp in Sources */,
				AB028CDD22147E7400510DCA /* linearTester.cpp in Sources */,
				AB85119D220C79C5006DB879 /* Music.cpp in Sources */,
				AB39BB1021FF5EAD00B7B17C /* Runner.cpp in Sources */,
				AB4477862209DD69007DDAE3 /* Timer.cpp in Sources */,
				AB4D9C0F222450FC002B8EB1 /* LinkedListTester.cpp in Sources */,
			);
			runOnlyForDeploymentPostprocessing = 0;
		};
/* End PBXSourcesBuildPhase section */

/* Begin XCBuildConfiguration section */
		AB39BB0221FF5B5500B7B17C /* Debug */ = {
			isa = XCBuildConfiguration;
			buildSettings = {
				ALWAYS_SEARCH_USER_PATHS = NO;
				CLANG_ANALYZER_NONNULL = YES;
				CLANG_ANALYZER_NUMBER_OBJECT_CONVERSION = YES_AGGRESSIVE;
				CLANG_CXX_LANGUAGE_STANDARD = "gnu++14";
				CLANG_CXX_LIBRARY = "libc++";
				CLANG_ENABLE_MODULES = YES;
				CLANG_ENABLE_OBJC_ARC = YES;
				CLANG_ENABLE_OBJC_WEAK = YES;
				CLANG_WARN_BLOCK_CAPTURE_AUTORELEASING = YES;
				CLANG_WARN_BOOL_CONVERSION = YES;
				CLANG_WARN_COMMA = YES;
				CLANG_WARN_CONSTANT_CONVERSION = YES;
				CLANG_WARN_DEPRECATED_OBJC_IMPLEMENTATIONS = YES;
				CLANG_WARN_DIRECT_OBJC_ISA_USAGE = YES_ERROR;
				CLANG_WARN_DOCUMENTATION_COMMENTS = YES;
				CLANG_WARN_EMPTY_BODY = YES;
				CLANG_WARN_ENUM_CONVERSION = YES;
				CLANG_WARN_INFINITE_RECURSION = YES;
				CLANG_WARN_INT_CONVERSION = YES;
				CLANG_WARN_NON_LITERAL_NULL_CONVERSION = YES;
				CLANG_WARN_OBJC_IMPLICIT_RETAIN_SELF = YES;
				CLANG_WARN_OBJC_LITERAL_CONVERSION = YES;
				CLANG_WARN_OBJC_ROOT_CLASS = YES_ERROR;
				CLANG_WARN_RANGE_LOOP_ANALYSIS = YES;
				CLANG_WARN_STRICT_PROTOTYPES = YES;
				CLANG_WARN_SUSPICIOUS_MOVE = YES;
				CLANG_WARN_UNGUARDED_AVAILABILITY = YES_AGGRESSIVE;
				CLANG_WARN_UNREACHABLE_CODE = YES;
				CLANG_WARN__DUPLICATE_METHOD_MATCH = YES;
				CODE_SIGN_IDENTITY = "-";
				COPY_PHASE_STRIP = NO;
				DEBUG_INFORMATION_FORMAT = dwarf;
				ENABLE_STRICT_OBJC_MSGSEND = YES;
				ENABLE_TESTABILITY = YES;
				GCC_C_LANGUAGE_STANDARD = gnu11;
				GCC_DYNAMIC_NO_PIC = NO;
				GCC_NO_COMMON_BLOCKS = YES;
				GCC_OPTIMIZATION_LEVEL = 0;
				GCC_PREPROCESSOR_DEFINITIONS = (
					"DEBUG=1",
					"$(inherited)",
				);
				GCC_WARN_64_TO_32_BIT_CONVERSION = YES;
				GCC_WARN_ABOUT_RETURN_TYPE = YES_ERROR;
				GCC_WARN_UNDECLARED_SELECTOR = YES;
				GCC_WARN_UNINITIALIZED_AUTOS = YES_AGGRESSIVE;
				GCC_WARN_UNUSED_FUNCTION = YES;
				GCC_WARN_UNUSED_VARIABLE = YES;
				MACOSX_DEPLOYMENT_TARGET = 10.13;
				MTL_ENABLE_DEBUG_INFO = INCLUDE_SOURCE;
				MTL_FAST_MATH = YES;
				ONLY_ACTIVE_ARCH = YES;
				SDKROOT = macosx;
			};
			name = Debug;
		};
		AB39BB0321FF5B5500B7B17C /* Release */ = {
			isa = XCBuildConfiguration;
			buildSettings = {
				ALWAYS_SEARCH_USER_PATHS = NO;
				CLANG_ANALYZER_NONNULL = YES;
				CLANG_ANALYZER_NUMBER_OBJECT_CONVERSION = YES_AGGRESSIVE;
				CLANG_CXX_LANGUAGE_STANDARD = "gnu++14";
				CLANG_CXX_LIBRARY = "libc++";
				CLANG_ENABLE_MODULES = YES;
				CLANG_ENABLE_OBJC_ARC = YES;
				CLANG_ENABLE_OBJC_WEAK = YES;
				CLANG_WARN_BLOCK_CAPTURE_AUTORELEASING = YES;
				CLANG_WARN_BOOL_CONVERSION = YES;
				CLANG_WARN_COMMA = YES;
				CLANG_WARN_CONSTANT_CONVERSION = YES;
				CLANG_WARN_DEPRECATED_OBJC_IMPLEMENTATIONS = YES;
				CLANG_WARN_DIRECT_OBJC_ISA_USAGE = YES_ERROR;
				CLANG_WARN_DOCUMENTATION_COMMENTS = YES;
				CLANG_WARN_EMPTY_BODY = YES;
				CLANG_WARN_ENUM_CONVERSION = YES;
				CLANG_WARN_INFINITE_RECURSION = YES;
				CLANG_WARN_INT_CONVERSION = YES;
				CLANG_WARN_NON_LITERAL_NULL_CONVERSION = YES;
				CLANG_WARN_OBJC_IMPLICIT_RETAIN_SELF = YES;
				CLANG_WARN_OBJC_LITERAL_CONVERSION = YES;
				CLANG_WARN_OBJC_ROOT_CLASS = YES_ERROR;
				CLANG_WARN_RANGE_LOOP_ANALYSIS = YES;
				CLANG_WARN_STRICT_PROTOTYPES = YES;
				CLANG_WARN_SUSPICIOUS_MOVE = YES;
				CLANG_WARN_UNGUARDED_AVAILABILITY = YES_AGGRESSIVE;
				CLANG_WARN_UNREACHABLE_CODE = YES;
				CLANG_WARN__DUPLICATE_METHOD_MATCH = YES;
				CODE_SIGN_IDENTITY = "-";
				COPY_PHASE_STRIP = NO;
				DEBUG_INFORMATION_FORMAT = "dwarf-with-dsym";
				ENABLE_NS_ASSERTIONS = NO;
				ENABLE_STRICT_OBJC_MSGSEND = YES;
				GCC_C_LANGUAGE_STANDARD = gnu11;
				GCC_NO_COMMON_BLOCKS = YES;
				GCC_WARN_64_TO_32_BIT_CONVERSION = YES;
				GCC_WARN_ABOUT_RETURN_TYPE = YES_ERROR;
				GCC_WARN_UNDECLARED_SELECTOR = YES;
				GCC_WARN_UNINITIALIZED_AUTOS = YES_AGGRESSIVE;
				GCC_WARN_UNUSED_FUNCTION = YES;
				GCC_WARN_UNUSED_VARIABLE = YES;
				MACOSX_DEPLOYMENT_TARGET = 10.13;
				MTL_ENABLE_DEBUG_INFO = NO;
				MTL_FAST_MATH = YES;
				SDKROOT = macosx;
			};
			name = Release;
		};
		AB39BB0521FF5B5500B7B17C /* Debug */ = {
			isa = XCBuildConfiguration;
			buildSettings = {
				CODE_SIGN_STYLE = Automatic;
				PRODUCT_NAME = "$(TARGET_NAME)";
			};
			name = Debug;
		};
		AB39BB0621FF5B5500B7B17C /* Release */ = {
			isa = XCBuildConfiguration;
			buildSettings = {
				CODE_SIGN_STYLE = Automatic;
				PRODUCT_NAME = "$(TARGET_NAME)";
			};
			name = Release;
		};
/* End XCBuildConfiguration section */

/* Begin XCConfigurationList section */
		AB39BAF821FF5B5400B7B17C /* Build configuration list for PBXProject "DataStructures" */ = {
			isa = XCConfigurationList;
			buildConfigurations = (
				AB39BB0221FF5B5500B7B17C /* Debug */,
				AB39BB0321FF5B5500B7B17C /* Release */,
			);
			defaultConfigurationIsVisible = 0;
			defaultConfigurationName = Release;
		};
		AB39BB0421FF5B5500B7B17C /* Build configuration list for PBXNativeTarget "DataStructures" */ = {
			isa = XCConfigurationList;
			buildConfigurations = (
				AB39BB0521FF5B5500B7B17C /* Debug */,
				AB39BB0621FF5B5500B7B17C /* Release */,
			);
			defaultConfigurationIsVisible = 0;
			defaultConfigurationName = Release;
		};
/* End XCConfigurationList section */
	};
	rootObject = AB39BAF521FF5B5400B7B17C /* Project object */;
}
